
Microsoft Visual Studio Solution File, Format Version 11.00
# Visual Studio 2010
Project("{FAE04EC0-301F-11D3-BF4B-00C04F79EFBC}") = "Unity.Postprocessing.Runtime", "Unity.Postprocessing.Runtime.csproj", "{6ca1a01e-6b48-482b-6f12-56d44d2cf16c}"
EndProject
Project("{FAE04EC0-301F-11D3-BF4B-00C04F79EFBC}") = "Unity.Postprocessing.Editor", "Unity.Postprocessing.Editor.csproj", "{87f2f53f-5213-4839-3328-8b137d217bcc}"
EndProject
Project("{FAE04EC0-301F-11D3-BF4B-00C04F79EFBC}") = "Assembly-CSharp", "Assembly-CSharp.csproj", "{42b9e69f-da25-4322-6949-24a50625562d}"
EndProject
Global
	GlobalSection(SolutionConfigurationPlatforms) = preSolution
		Debug|Any CPU = Debug|Any CPU
	EndGlobalSection
	GlobalSection(ProjectConfigurationPlatforms) = postSolution
		{6ca1a01e-6b48-482b-6f12-56d44d2cf16c}.Debug|Any CPU.ActiveCfg = Debug|Any CPU
		{6ca1a01e-6b48-482b-6f12-56d44d2cf16c}.Debug|Any CPU.Build.0 = Debug|Any CPU
		{87f2f53f-5213-4839-3328-8b137d217bcc}.Debug|Any CPU.ActiveCfg = Debug|Any CPU
		{87f2f53f-5213-4839-3328-8b137d217bcc}.Debug|Any CPU.Build.0 = Debug|Any CPU
		{42b9e69f-da25-4322-6949-24a50625562d}.Debug|Any CPU.ActiveCfg = Debug|Any CPU
		{42b9e69f-da25-4322-6949-24a50625562d}.Debug|Any CPU.Build.0 = Debug|Any CPU
	EndGlobalSection
	GlobalSection(SolutionProperties) = preSolution
		HideSolutionNode = FALSE
	EndGlobalSection
EndGlobal
